
Microsoft Visual Studio Solution File, Format Version 12.00
# Visual Studio Version 16
VisualStudioVersion = 16.0.34031.81
MinimumVisualStudioVersion = 10.0.40219.1
Project("{FAE04EC0-301F-11D3-BF4B-00C04F79EFBC}") = "eTickets", "eTickets\eTickets.csproj", "{BFCB3D81-9D6F-41E9-8C64-D254DC63E51B}"
EndProject
Global
	GlobalSection(SolutionConfigurationPlatforms) = preSolution
		Debug|Any CPU = Debug|Any CPU
		Release|Any CPU = Release|Any CPU
	EndGlobalSection
	GlobalSection(ProjectConfigurationPlatforms) = postSolution
		{BFCB3D81-9D6F-41E9-8C64-D254DC63E51B}.Debug|Any CPU.ActiveCfg = Debug|Any CPU
		{BFCB3D81-9D6F-41E9-8C64-D254DC63E51B}.Debug|Any CPU.Build.0 = Debug|Any CPU
		{BFCB3D81-9D6F-41E9-8C64-D254DC63E51B}.Release|Any CPU.ActiveCfg = Release|Any CPU
		{BFCB3D81-9D6F-41E9-8C64-D254DC63E51B}.Release|Any CPU.Build.0 = Release|Any CPU
	EndGlobalSection
	GlobalSection(SolutionProperties) = preSolution
		HideSolutionNode = FALSE
	EndGlobalSection
	GlobalSection(ExtensibilityGlobals) = postSolution
		SolutionGuid = {D1223287-F067-493A-9A16-2329BF51C342}
	EndGlobalSection
EndGlobal
